// !$*UTF8*$!
{
	archiveVersion = 1;
	classes = {
	};
	objectVersion = 56;
	objects = {

/* Begin PBXBuildFile section */
		9800EDD32BD50C2000341EEA /* FailAnimation.json in Resources */ = {isa = PBXBuildFile; fileRef = 9800EDD22BD50C2000341EEA /* FailAnimation.json */; };
		9800EDD92BD510CE00341EEA /* SuccessAnimation.json in Resources */ = {isa = PBXBuildFile; fileRef = 9800EDD72BD510CE00341EEA /* SuccessAnimation.json */; };
		98236F8A2BD2A5C700DE138F /* SplashViewController.swift in Sources */ = {isa = PBXBuildFile; fileRef = 98236F892BD2A5C700DE138F /* SplashViewController.swift */; };
		98236F8D2BD2B2D300DE138F /* Lottie in Frameworks */ = {isa = PBXBuildFile; productRef = 98236F8C2BD2B2D300DE138F /* Lottie */; };
		985A1A582BCF19E500A620E4 /* Array+Extensions.swift in Sources */ = {isa = PBXBuildFile; fileRef = 985A1A572BCF19E500A620E4 /* Array+Extensions.swift */; };
		985A1A5C2BCF1F5F00A620E4 /* ExpandableModel.swift in Sources */ = {isa = PBXBuildFile; fileRef = 985A1A5B2BCF1F5F00A620E4 /* ExpandableModel.swift */; };
		989717832BC977A70021E600 /* MainViewModel.swift in Sources */ = {isa = PBXBuildFile; fileRef = 989717822BC977A70021E600 /* MainViewModel.swift */; };
		98A5F80F2BBD64F5008AE472 /* AppDelegate.swift in Sources */ = {isa = PBXBuildFile; fileRef = 98A5F80E2BBD64F5008AE472 /* AppDelegate.swift */; };
		98A5F8112BBD64F5008AE472 /* SceneDelegate.swift in Sources */ = {isa = PBXBuildFile; fileRef = 98A5F8102BBD64F5008AE472 /* SceneDelegate.swift */; };
		98A5F8132BBD64F5008AE472 /* MainViewController.swift in Sources */ = {isa = PBXBuildFile; fileRef = 98A5F8122BBD64F5008AE472 /* MainViewController.swift */; };
		98A5F8162BBD64F5008AE472 /* Main.storyboard in Resources */ = {isa = PBXBuildFile; fileRef = 98A5F8142BBD64F5008AE472 /* Main.storyboard */; };
		98A5F8182BBD64F6008AE472 /* Assets.xcassets in Resources */ = {isa = PBXBuildFile; fileRef = 98A5F8172BBD64F6008AE472 /* Assets.xcassets */; };
		98A5F8272BBD7BB8008AE472 /* MainResponseModel.swift in Sources */ = {isa = PBXBuildFile; fileRef = 98A5F8262BBD7BB8008AE472 /* MainResponseModel.swift */; };
		98A5F8292BBD806D008AE472 /* UniversitiesResponseModel.swift in Sources */ = {isa = PBXBuildFile; fileRef = 98A5F8282BBD806D008AE472 /* UniversitiesResponseModel.swift */; };
		98A5F82B2BBD809C008AE472 /* DataResponseModel.swift in Sources */ = {isa = PBXBuildFile; fileRef = 98A5F82A2BBD809C008AE472 /* DataResponseModel.swift */; };
		98AFAF1C2BD02AAA008A3E0A /* Realm in Frameworks */ = {isa = PBXBuildFile; productRef = 98AFAF1B2BD02AAA008A3E0A /* Realm */; };
		98AFAF1E2BD02AAA008A3E0A /* RealmSwift in Frameworks */ = {isa = PBXBuildFile; productRef = 98AFAF1D2BD02AAA008A3E0A /* RealmSwift */; };
		98AFAF212BD071C7008A3E0A /* PersistentManager.swift in Sources */ = {isa = PBXBuildFile; fileRef = 98AFAF202BD071C7008A3E0A /* PersistentManager.swift */; };
		98AFAF242BD07804008A3E0A /* FavListViewController.swift in Sources */ = {isa = PBXBuildFile; fileRef = 98AFAF222BD07804008A3E0A /* FavListViewController.swift */; };
		98AFAF272BD08482008A3E0A /* FavListViewModel.swift in Sources */ = {isa = PBXBuildFile; fileRef = 98AFAF262BD08482008A3E0A /* FavListViewModel.swift */; };
		98AFAF2C2BD0B684008A3E0A /* TodoList.swift in Sources */ = {isa = PBXBuildFile; fileRef = 98AFAF2B2BD0B684008A3E0A /* TodoList.swift */; };
		98B7C25D2BC9B38F00752196 /* MainCell.xib in Resources */ = {isa = PBXBuildFile; fileRef = 98B7C25C2BC9B38F00752196 /* MainCell.xib */; };
		98B7C25F2BC9B3A900752196 /* MainCell.swift in Sources */ = {isa = PBXBuildFile; fileRef = 98B7C25E2BC9B3A900752196 /* MainCell.swift */; };
		98B7C2622BC9B3D400752196 /* ExpandableCell.xib in Resources */ = {isa = PBXBuildFile; fileRef = 98B7C2612BC9B3D400752196 /* ExpandableCell.xib */; };
		98B7C2642BC9B3ED00752196 /* ExpandableCell.swift in Sources */ = {isa = PBXBuildFile; fileRef = 98B7C2632BC9B3ED00752196 /* ExpandableCell.swift */; };
		98B7C2662BC9B41A00752196 /* SectionModel.swift in Sources */ = {isa = PBXBuildFile; fileRef = 98B7C2652BC9B41A00752196 /* SectionModel.swift */; };
/* End PBXBuildFile section */

/* Begin PBXFileReference section */
		9800EDD22BD50C2000341EEA /* FailAnimation.json */ = {isa = PBXFileReference; fileEncoding = 4; lastKnownFileType = text.json; path = FailAnimation.json; sourceTree = "<group>"; };
		9800EDD72BD510CE00341EEA /* SuccessAnimation.json */ = {isa = PBXFileReference; fileEncoding = 4; lastKnownFileType = text.json; path = SuccessAnimation.json; sourceTree = "<group>"; };
		98236F892BD2A5C700DE138F /* SplashViewController.swift */ = {isa = PBXFileReference; lastKnownFileType = sourcecode.swift; path = SplashViewController.swift; sourceTree = "<group>"; };
		985A1A572BCF19E500A620E4 /* Array+Extensions.swift */ = {isa = PBXFileReference; lastKnownFileType = sourcecode.swift; path = "Array+Extensions.swift"; sourceTree = "<group>"; };
		985A1A5B2BCF1F5F00A620E4 /* ExpandableModel.swift */ = {isa = PBXFileReference; lastKnownFileType = sourcecode.swift; path = ExpandableModel.swift; sourceTree = "<group>"; };
		989717822BC977A70021E600 /* MainViewModel.swift */ = {isa = PBXFileReference; lastKnownFileType = sourcecode.swift; path = MainViewModel.swift; sourceTree = "<group>"; };
		98A5F80B2BBD64F5008AE472 /* InvioCekirgeProgrami2024.app */ = {isa = PBXFileReference; explicitFileType = wrapper.application; includeInIndex = 0; path = InvioCekirgeProgrami2024.app; sourceTree = BUILT_PRODUCTS_DIR; };
		98A5F80E2BBD64F5008AE472 /* AppDelegate.swift */ = {isa = PBXFileReference; lastKnownFileType = sourcecode.swift; path = AppDelegate.swift; sourceTree = "<group>"; };
		98A5F8102BBD64F5008AE472 /* SceneDelegate.swift */ = {isa = PBXFileReference; lastKnownFileType = sourcecode.swift; path = SceneDelegate.swift; sourceTree = "<group>"; };
		98A5F8122BBD64F5008AE472 /* MainViewController.swift */ = {isa = PBXFileReference; lastKnownFileType = sourcecode.swift; path = MainViewController.swift; sourceTree = "<group>"; };
		98A5F8152BBD64F5008AE472 /* Base */ = {isa = PBXFileReference; lastKnownFileType = file.storyboard; name = Base; path = Base.lproj/Main.storyboard; sourceTree = "<group>"; };
		98A5F8172BBD64F6008AE472 /* Assets.xcassets */ = {isa = PBXFileReference; lastKnownFileType = folder.assetcatalog; path = Assets.xcassets; sourceTree = "<group>"; };
		98A5F81C2BBD64F6008AE472 /* Info.plist */ = {isa = PBXFileReference; lastKnownFileType = text.plist.xml; path = Info.plist; sourceTree = "<group>"; };
		98A5F8262BBD7BB8008AE472 /* MainResponseModel.swift */ = {isa = PBXFileReference; lastKnownFileType = sourcecode.swift; path = MainResponseModel.swift; sourceTree = "<group>"; };
		98A5F8282BBD806D008AE472 /* UniversitiesResponseModel.swift */ = {isa = PBXFileReference; lastKnownFileType = sourcecode.swift; path = UniversitiesResponseModel.swift; sourceTree = "<group>"; };
		98A5F82A2BBD809C008AE472 /* DataResponseModel.swift */ = {isa = PBXFileReference; lastKnownFileType = sourcecode.swift; path = DataResponseModel.swift; sourceTree = "<group>"; };
		98AFAF202BD071C7008A3E0A /* PersistentManager.swift */ = {isa = PBXFileReference; lastKnownFileType = sourcecode.swift; path = PersistentManager.swift; sourceTree = "<group>"; };
		98AFAF222BD07804008A3E0A /* FavListViewController.swift */ = {isa = PBXFileReference; lastKnownFileType = sourcecode.swift; path = FavListViewController.swift; sourceTree = "<group>"; };
		98AFAF262BD08482008A3E0A /* FavListViewModel.swift */ = {isa = PBXFileReference; lastKnownFileType = sourcecode.swift; path = FavListViewModel.swift; sourceTree = "<group>"; };
		98AFAF2B2BD0B684008A3E0A /* TodoList.swift */ = {isa = PBXFileReference; lastKnownFileType = sourcecode.swift; path = TodoList.swift; sourceTree = "<group>"; };
		98B7C25C2BC9B38F00752196 /* MainCell.xib */ = {isa = PBXFileReference; lastKnownFileType = file.xib; path = MainCell.xib; sourceTree = "<group>"; };
		98B7C25E2BC9B3A900752196 /* MainCell.swift */ = {isa = PBXFileReference; lastKnownFileType = sourcecode.swift; path = MainCell.swift; sourceTree = "<group>"; };
		98B7C2612BC9B3D400752196 /* ExpandableCell.xib */ = {isa = PBXFileReference; lastKnownFileType = file.xib; path = ExpandableCell.xib; sourceTree = "<group>"; };
		98B7C2632BC9B3ED00752196 /* ExpandableCell.swift */ = {isa = PBXFileReference; lastKnownFileType = sourcecode.swift; path = ExpandableCell.swift; sourceTree = "<group>"; };
		98B7C2652BC9B41A00752196 /* SectionModel.swift */ = {isa = PBXFileReference; lastKnownFileType = sourcecode.swift; path = SectionModel.swift; sourceTree = "<group>"; };
/* End PBXFileReference section */

/* Begin PBXFrameworksBuildPhase section */
		98A5F8082BBD64F5008AE472 /* Frameworks */ = {
			isa = PBXFrameworksBuildPhase;
			buildActionMask = 2147483647;
			files = (
				98AFAF1E2BD02AAA008A3E0A /* RealmSwift in Frameworks */,
				98AFAF1C2BD02AAA008A3E0A /* Realm in Frameworks */,
				98236F8D2BD2B2D300DE138F /* Lottie in Frameworks */,
			);
			runOnlyForDeploymentPostprocessing = 0;
		};
/* End PBXFrameworksBuildPhase section */

/* Begin PBXGroup section */
		98236F882BD2A59C00DE138F /* SplashController */ = {
			isa = PBXGroup;
			children = (
				98236F892BD2A5C700DE138F /* SplashViewController.swift */,
				9800EDD72BD510CE00341EEA /* SuccessAnimation.json */,
				9800EDD22BD50C2000341EEA /* FailAnimation.json */,
			);
			path = SplashController;
			sourceTree = "<group>";
		};
		985A1A5D2BCF1FBB00A620E4 /* Extensions */ = {
			isa = PBXGroup;
			children = (
				985A1A572BCF19E500A620E4 /* Array+Extensions.swift */,
			);
			path = Extensions;
			sourceTree = "<group>";
		};
		9866FE032BC32F4C00C9C478 /* MainTableView */ = {
			isa = PBXGroup;
			children = (
				9866FE062BC32F7E00C9C478 /* ViewController */,
				9866FE072BC32FA800C9C478 /* ViewModel */,
				9866FE052BC32F6700C9C478 /* Response Models */,
			);
			path = MainTableView;
			sourceTree = "<group>";
		};
		9866FE042BC32F5900C9C478 /* Favorites */ = {
			isa = PBXGroup;
			children = (
				9866FE092BC32FB600C9C478 /* ViewController */,
				9866FE082BC32FAF00C9C478 /* ViewModel */,
			);
			path = Favorites;
			sourceTree = "<group>";
		};
		9866FE052BC32F6700C9C478 /* Response Models */ = {
			isa = PBXGroup;
			children = (
				98A5F8262BBD7BB8008AE472 /* MainResponseModel.swift */,
				98A5F82A2BBD809C008AE472 /* DataResponseModel.swift */,
				98A5F8282BBD806D008AE472 /* UniversitiesResponseModel.swift */,
			);
			path = "Response Models";
			sourceTree = "<group>";
		};
		9866FE062BC32F7E00C9C478 /* ViewController */ = {
			isa = PBXGroup;
			children = (
				98A5F8122BBD64F5008AE472 /* MainViewController.swift */,
			);
			path = ViewController;
			sourceTree = "<group>";
		};
		9866FE072BC32FA800C9C478 /* ViewModel */ = {
			isa = PBXGroup;
			children = (
				989717822BC977A70021E600 /* MainViewModel.swift */,
			);
			path = ViewModel;
			sourceTree = "<group>";
		};
		9866FE082BC32FAF00C9C478 /* ViewModel */ = {
			isa = PBXGroup;
			children = (
				98AFAF262BD08482008A3E0A /* FavListViewModel.swift */,
			);
			path = ViewModel;
			sourceTree = "<group>";
		};
		9866FE092BC32FB600C9C478 /* ViewController */ = {
			isa = PBXGroup;
			children = (
				98AFAF222BD07804008A3E0A /* FavListViewController.swift */,
			);
			path = ViewController;
			sourceTree = "<group>";
		};
		98A5F8022BBD64F5008AE472 = {
			isa = PBXGroup;
			children = (
				98AFAF282BD0B643008A3E0A /* TODO */,
				98A5F80D2BBD64F5008AE472 /* InvioCekirgeProgrami2024 */,
				98A5F80C2BBD64F5008AE472 /* Products */,
			);
			sourceTree = "<group>";
		};
		98A5F80C2BBD64F5008AE472 /* Products */ = {
			isa = PBXGroup;
			children = (
				98A5F80B2BBD64F5008AE472 /* InvioCekirgeProgrami2024.app */,
			);
			name = Products;
			sourceTree = "<group>";
		};
		98A5F80D2BBD64F5008AE472 /* InvioCekirgeProgrami2024 */ = {
			isa = PBXGroup;
			children = (
				98236F882BD2A59C00DE138F /* SplashController */,
				9866FE032BC32F4C00C9C478 /* MainTableView */,
				98B7C25A2BC9B36800752196 /* Cells */,
				9866FE042BC32F5900C9C478 /* Favorites */,
				98AFAF1F2BD0719E008A3E0A /* PersistentManager */,
				985A1A5D2BCF1FBB00A620E4 /* Extensions */,
				98A5F80E2BBD64F5008AE472 /* AppDelegate.swift */,
				98A5F8102BBD64F5008AE472 /* SceneDelegate.swift */,
				98A5F8142BBD64F5008AE472 /* Main.storyboard */,
				98A5F8172BBD64F6008AE472 /* Assets.xcassets */,
				98A5F81C2BBD64F6008AE472 /* Info.plist */,
			);
			path = InvioCekirgeProgrami2024;
			sourceTree = "<group>";
		};
		98AFAF1F2BD0719E008A3E0A /* PersistentManager */ = {
			isa = PBXGroup;
			children = (
				98AFAF202BD071C7008A3E0A /* PersistentManager.swift */,
			);
			path = PersistentManager;
			sourceTree = "<group>";
		};
		98AFAF282BD0B643008A3E0A /* TODO */ = {
			isa = PBXGroup;
			children = (
				98AFAF2B2BD0B684008A3E0A /* TodoList.swift */,
			);
			path = TODO;
			sourceTree = "<group>";
		};
		98B7C25A2BC9B36800752196 /* Cells */ = {
			isa = PBXGroup;
			children = (
				98B7C25B2BC9B36E00752196 /* MainCell */,
				98B7C2602BC9B3C500752196 /* ExpandableCell */,
			);
			path = Cells;
			sourceTree = "<group>";
		};
		98B7C25B2BC9B36E00752196 /* MainCell */ = {
			isa = PBXGroup;
			children = (
				98B7C25C2BC9B38F00752196 /* MainCell.xib */,
				98B7C25E2BC9B3A900752196 /* MainCell.swift */,
				98B7C2652BC9B41A00752196 /* SectionModel.swift */,
			);
			path = MainCell;
			sourceTree = "<group>";
		};
		98B7C2602BC9B3C500752196 /* ExpandableCell */ = {
			isa = PBXGroup;
			children = (
				98B7C2612BC9B3D400752196 /* ExpandableCell.xib */,
				98B7C2632BC9B3ED00752196 /* ExpandableCell.swift */,
				985A1A5B2BCF1F5F00A620E4 /* ExpandableModel.swift */,
			);
			path = ExpandableCell;
			sourceTree = "<group>";
		};
/* End PBXGroup section */

/* Begin PBXNativeTarget section */
		98A5F80A2BBD64F5008AE472 /* InvioCekirgeProgrami2024 */ = {
			isa = PBXNativeTarget;
			buildConfigurationList = 98A5F81F2BBD64F6008AE472 /* Build configuration list for PBXNativeTarget "InvioCekirgeProgrami2024" */;
			buildPhases = (
				98A5F8072BBD64F5008AE472 /* Sources */,
				98A5F8082BBD64F5008AE472 /* Frameworks */,
				98A5F8092BBD64F5008AE472 /* Resources */,
			);
			buildRules = (
			);
			dependencies = (
			);
			name = InvioCekirgeProgrami2024;
			packageProductDependencies = (
				98AFAF1B2BD02AAA008A3E0A /* Realm */,
				98AFAF1D2BD02AAA008A3E0A /* RealmSwift */,
				98236F8C2BD2B2D300DE138F /* Lottie */,
			);
			productName = InvioCekirgeProgrami2024;
			productReference = 98A5F80B2BBD64F5008AE472 /* InvioCekirgeProgrami2024.app */;
			productType = "com.apple.product-type.application";
		};
/* End PBXNativeTarget section */

/* Begin PBXProject section */
		98A5F8032BBD64F5008AE472 /* Project object */ = {
			isa = PBXProject;
			attributes = {
				BuildIndependentTargetsInParallel = 1;
				LastSwiftUpdateCheck = 1520;
				LastUpgradeCheck = 1520;
				TargetAttributes = {
					98A5F80A2BBD64F5008AE472 = {
						CreatedOnToolsVersion = 15.2;
					};
				};
			};
			buildConfigurationList = 98A5F8062BBD64F5008AE472 /* Build configuration list for PBXProject "InvioCekirgeProgrami2024" */;
			compatibilityVersion = "Xcode 14.0";
			developmentRegion = en;
			hasScannedForEncodings = 0;
			knownRegions = (
				en,
				Base,
			);
			mainGroup = 98A5F8022BBD64F5008AE472;
			packageReferences = (
				98AFAF1A2BD02AAA008A3E0A /* XCRemoteSwiftPackageReference "realm-swift" */,
				98236F8B2BD2B2D300DE138F /* XCRemoteSwiftPackageReference "lottie-spm" */,
			);
			productRefGroup = 98A5F80C2BBD64F5008AE472 /* Products */;
			projectDirPath = "";
			projectRoot = "";
			targets = (
				98A5F80A2BBD64F5008AE472 /* InvioCekirgeProgrami2024 */,
			);
		};
/* End PBXProject section */

/* Begin PBXResourcesBuildPhase section */
		98A5F8092BBD64F5008AE472 /* Resources */ = {
			isa = PBXResourcesBuildPhase;
			buildActionMask = 2147483647;
			files = (
				98A5F8182BBD64F6008AE472 /* Assets.xcassets in Resources */,
				9800EDD32BD50C2000341EEA /* FailAnimation.json in Resources */,
				98B7C25D2BC9B38F00752196 /* MainCell.xib in Resources */,
				9800EDD92BD510CE00341EEA /* SuccessAnimation.json in Resources */,
				98B7C2622BC9B3D400752196 /* ExpandableCell.xib in Resources */,
				98A5F8162BBD64F5008AE472 /* Main.storyboard in Resources */,
			);
			runOnlyForDeploymentPostprocessing = 0;
		};
/* End PBXResourcesBuildPhase section */

/* Begin PBXSourcesBuildPhase section */
		98A5F8072BBD64F5008AE472 /* Sources */ = {
			isa = PBXSourcesBuildPhase;
			buildActionMask = 2147483647;
			files = (
				989717832BC977A70021E600 /* MainViewModel.swift in Sources */,
				985A1A5C2BCF1F5F00A620E4 /* ExpandableModel.swift in Sources */,
				98AFAF242BD07804008A3E0A /* FavListViewController.swift in Sources */,
				98236F8A2BD2A5C700DE138F /* SplashViewController.swift in Sources */,
				98A5F8292BBD806D008AE472 /* UniversitiesResponseModel.swift in Sources */,
				98A5F82B2BBD809C008AE472 /* DataResponseModel.swift in Sources */,
				98AFAF272BD08482008A3E0A /* FavListViewModel.swift in Sources */,
				985A1A582BCF19E500A620E4 /* Array+Extensions.swift in Sources */,
				98A5F8132BBD64F5008AE472 /* MainViewController.swift in Sources */,
				98A5F80F2BBD64F5008AE472 /* AppDelegate.swift in Sources */,
				98A5F8272BBD7BB8008AE472 /* MainResponseModel.swift in Sources */,
				98B7C2662BC9B41A00752196 /* SectionModel.swift in Sources */,
				98AFAF2C2BD0B684008A3E0A /* TodoList.swift in Sources */,
				98B7C25F2BC9B3A900752196 /* MainCell.swift in Sources */,
				98B7C2642BC9B3ED00752196 /* ExpandableCell.swift in Sources */,
				98A5F8112BBD64F5008AE472 /* SceneDelegate.swift in Sources */,
				98AFAF212BD071C7008A3E0A /* PersistentManager.swift in Sources */,
			);
			runOnlyForDeploymentPostprocessing = 0;
		};
/* End PBXSourcesBuildPhase section */

/* Begin PBXVariantGroup section */
		98A5F8142BBD64F5008AE472 /* Main.storyboard */ = {
			isa = PBXVariantGroup;
			children = (
				98A5F8152BBD64F5008AE472 /* Base */,
			);
			name = Main.storyboard;
			sourceTree = "<group>";
		};
/* End PBXVariantGroup section */

/* Begin XCBuildConfiguration section */
		98A5F81D2BBD64F6008AE472 /* Debug */ = {
			isa = XCBuildConfiguration;
			buildSettings = {
				ALWAYS_SEARCH_USER_PATHS = NO;
				ASSETCATALOG_COMPILER_GENERATE_SWIFT_ASSET_SYMBOL_EXTENSIONS = YES;
				CLANG_ANALYZER_NONNULL = YES;
				CLANG_ANALYZER_NUMBER_OBJECT_CONVERSION = YES_AGGRESSIVE;
				CLANG_CXX_LANGUAGE_STANDARD = "gnu++20";
				CLANG_ENABLE_MODULES = YES;
				CLANG_ENABLE_OBJC_ARC = YES;
				CLANG_ENABLE_OBJC_WEAK = YES;
				CLANG_WARN_BLOCK_CAPTURE_AUTORELEASING = YES;
				CLANG_WARN_BOOL_CONVERSION = YES;
				CLANG_WARN_COMMA = YES;
				CLANG_WARN_CONSTANT_CONVERSION = YES;
				CLANG_WARN_DEPRECATED_OBJC_IMPLEMENTATIONS = YES;
				CLANG_WARN_DIRECT_OBJC_ISA_USAGE = YES_ERROR;
				CLANG_WARN_DOCUMENTATION_COMMENTS = YES;
				CLANG_WARN_EMPTY_BODY = YES;
				CLANG_WARN_ENUM_CONVERSION = YES;
				CLANG_WARN_INFINITE_RECURSION = YES;
				CLANG_WARN_INT_CONVERSION = YES;
				CLANG_WARN_NON_LITERAL_NULL_CONVERSION = YES;
				CLANG_WARN_OBJC_IMPLICIT_RETAIN_SELF = YES;
				CLANG_WARN_OBJC_LITERAL_CONVERSION = YES;
				CLANG_WARN_OBJC_ROOT_CLASS = YES_ERROR;
				CLANG_WARN_QUOTED_INCLUDE_IN_FRAMEWORK_HEADER = YES;
				CLANG_WARN_RANGE_LOOP_ANALYSIS = YES;
				CLANG_WARN_STRICT_PROTOTYPES = YES;
				CLANG_WARN_SUSPICIOUS_MOVE = YES;
				CLANG_WARN_UNGUARDED_AVAILABILITY = YES_AGGRESSIVE;
				CLANG_WARN_UNREACHABLE_CODE = YES;
				CLANG_WARN__DUPLICATE_METHOD_MATCH = YES;
				COPY_PHASE_STRIP = NO;
				DEBUG_INFORMATION_FORMAT = dwarf;
				ENABLE_STRICT_OBJC_MSGSEND = YES;
				ENABLE_TESTABILITY = YES;
				ENABLE_USER_SCRIPT_SANDBOXING = YES;
				GCC_C_LANGUAGE_STANDARD = gnu17;
				GCC_DYNAMIC_NO_PIC = NO;
				GCC_NO_COMMON_BLOCKS = YES;
				GCC_OPTIMIZATION_LEVEL = 0;
				GCC_PREPROCESSOR_DEFINITIONS = (
					"DEBUG=1",
					"$(inherited)",
				);
				GCC_WARN_64_TO_32_BIT_CONVERSION = YES;
				GCC_WARN_ABOUT_RETURN_TYPE = YES_ERROR;
				GCC_WARN_UNDECLARED_SELECTOR = YES;
				GCC_WARN_UNINITIALIZED_AUTOS = YES_AGGRESSIVE;
				GCC_WARN_UNUSED_FUNCTION = YES;
				GCC_WARN_UNUSED_VARIABLE = YES;
				IPHONEOS_DEPLOYMENT_TARGET = 17.2;
				LOCALIZATION_PREFERS_STRING_CATALOGS = YES;
				MTL_ENABLE_DEBUG_INFO = INCLUDE_SOURCE;
				MTL_FAST_MATH = YES;
				ONLY_ACTIVE_ARCH = YES;
				SDKROOT = iphoneos;
				SWIFT_ACTIVE_COMPILATION_CONDITIONS = "DEBUG $(inherited)";
				SWIFT_OPTIMIZATION_LEVEL = "-Onone";
			};
			name = Debug;
		};
		98A5F81E2BBD64F6008AE472 /* Release */ = {
			isa = XCBuildConfiguration;
			buildSettings = {
				ALWAYS_SEARCH_USER_PATHS = NO;
				ASSETCATALOG_COMPILER_GENERATE_SWIFT_ASSET_SYMBOL_EXTENSIONS = YES;
				CLANG_ANALYZER_NONNULL = YES;
				CLANG_ANALYZER_NUMBER_OBJECT_CONVERSION = YES_AGGRESSIVE;
				CLANG_CXX_LANGUAGE_STANDARD = "gnu++20";
				CLANG_ENABLE_MODULES = YES;
				CLANG_ENABLE_OBJC_ARC = YES;
				CLANG_ENABLE_OBJC_WEAK = YES;
				CLANG_WARN_BLOCK_CAPTURE_AUTORELEASING = YES;
				CLANG_WARN_BOOL_CONVERSION = YES;
				CLANG_WARN_COMMA = YES;
				CLANG_WARN_CONSTANT_CONVERSION = YES;
				CLANG_WARN_DEPRECATED_OBJC_IMPLEMENTATIONS = YES;
				CLANG_WARN_DIRECT_OBJC_ISA_USAGE = YES_ERROR;
				CLANG_WARN_DOCUMENTATION_COMMENTS = YES;
				CLANG_WARN_EMPTY_BODY = YES;
				CLANG_WARN_ENUM_CONVERSION = YES;
				CLANG_WARN_INFINITE_RECURSION = YES;
				CLANG_WARN_INT_CONVERSION = YES;
				CLANG_WARN_NON_LITERAL_NULL_CONVERSION = YES;
				CLANG_WARN_OBJC_IMPLICIT_RETAIN_SELF = YES;
				CLANG_WARN_OBJC_LITERAL_CONVERSION = YES;
				CLANG_WARN_OBJC_ROOT_CLASS = YES_ERROR;
				CLANG_WARN_QUOTED_INCLUDE_IN_FRAMEWORK_HEADER = YES;
				CLANG_WARN_RANGE_LOOP_ANALYSIS = YES;
				CLANG_WARN_STRICT_PROTOTYPES = YES;
				CLANG_WARN_SUSPICIOUS_MOVE = YES;
				CLANG_WARN_UNGUARDED_AVAILABILITY = YES_AGGRESSIVE;
				CLANG_WARN_UNREACHABLE_CODE = YES;
				CLANG_WARN__DUPLICATE_METHOD_MATCH = YES;
				COPY_PHASE_STRIP = NO;
				DEBUG_INFORMATION_FORMAT = "dwarf-with-dsym";
				ENABLE_NS_ASSERTIONS = NO;
				ENABLE_STRICT_OBJC_MSGSEND = YES;
				ENABLE_USER_SCRIPT_SANDBOXING = YES;
				GCC_C_LANGUAGE_STANDARD = gnu17;
				GCC_NO_COMMON_BLOCKS = YES;
				GCC_WARN_64_TO_32_BIT_CONVERSION = YES;
				GCC_WARN_ABOUT_RETURN_TYPE = YES_ERROR;
				GCC_WARN_UNDECLARED_SELECTOR = YES;
				GCC_WARN_UNINITIALIZED_AUTOS = YES_AGGRESSIVE;
				GCC_WARN_UNUSED_FUNCTION = YES;
				GCC_WARN_UNUSED_VARIABLE = YES;
				IPHONEOS_DEPLOYMENT_TARGET = 17.2;
				LOCALIZATION_PREFERS_STRING_CATALOGS = YES;
				MTL_ENABLE_DEBUG_INFO = NO;
				MTL_FAST_MATH = YES;
				SDKROOT = iphoneos;
				SWIFT_COMPILATION_MODE = wholemodule;
				VALIDATE_PRODUCT = YES;
			};
			name = Release;
		};
		98A5F8202BBD64F6008AE472 /* Debug */ = {
			isa = XCBuildConfiguration;
			buildSettings = {
				ASSETCATALOG_COMPILER_APPICON_NAME = AppIcon;
				ASSETCATALOG_COMPILER_GLOBAL_ACCENT_COLOR_NAME = AccentColor;
				CODE_SIGN_STYLE = Automatic;
				CURRENT_PROJECT_VERSION = 1;
				DEVELOPMENT_TEAM = 899LNTN484;
				GENERATE_INFOPLIST_FILE = YES;
				INFOPLIST_FILE = InvioCekirgeProgrami2024/Info.plist;
				INFOPLIST_KEY_UIApplicationSupportsIndirectInputEvents = YES;
				INFOPLIST_KEY_UILaunchStoryboardName = LaunchScreen;
				INFOPLIST_KEY_UIMainStoryboardFile = Main;
				INFOPLIST_KEY_UISupportedInterfaceOrientations_iPad = "UIInterfaceOrientationPortrait UIInterfaceOrientationPortraitUpsideDown UIInterfaceOrientationLandscapeLeft UIInterfaceOrientationLandscapeRight";
				INFOPLIST_KEY_UISupportedInterfaceOrientations_iPhone = "UIInterfaceOrientationPortrait UIInterfaceOrientationLandscapeLeft UIInterfaceOrientationLandscapeRight";
				IPHONEOS_DEPLOYMENT_TARGET = 15.0;
				LD_RUNPATH_SEARCH_PATHS = (
					"$(inherited)",
					"@executable_path/Frameworks",
				);
				MARKETING_VERSION = 1.0;
				PRODUCT_BUNDLE_IDENTIFIER = beratridvanasilturk.InvioCekirgeProgrami2024;
				PRODUCT_NAME = "$(TARGET_NAME)";
				SWIFT_EMIT_LOC_STRINGS = YES;
				SWIFT_VERSION = 5.0;
				TARGETED_DEVICE_FAMILY = "1,2";
			};
			name = Debug;
		};
		98A5F8212BBD64F6008AE472 /* Release */ = {
			isa = XCBuildConfiguration;
			buildSettings = {
				ASSETCATALOG_COMPILER_APPICON_NAME = AppIcon;
				ASSETCATALOG_COMPILER_GLOBAL_ACCENT_COLOR_NAME = AccentColor;
				CODE_SIGN_STYLE = Automatic;
				CURRENT_PROJECT_VERSION = 1;
				DEVELOPMENT_TEAM = 899LNTN484;
				GENERATE_INFOPLIST_FILE = YES;
				INFOPLIST_FILE = InvioCekirgeProgrami2024/Info.plist;
				INFOPLIST_KEY_UIApplicationSupportsIndirectInputEvents = YES;
				INFOPLIST_KEY_UILaunchStoryboardName = LaunchScreen;
				INFOPLIST_KEY_UIMainStoryboardFile = Main;
				INFOPLIST_KEY_UISupportedInterfaceOrientations_iPad = "UIInterfaceOrientationPortrait UIInterfaceOrientationPortraitUpsideDown UIInterfaceOrientationLandscapeLeft UIInterfaceOrientationLandscapeRight";
				INFOPLIST_KEY_UISupportedInterfaceOrientations_iPhone = "UIInterfaceOrientationPortrait UIInterfaceOrientationLandscapeLeft UIInterfaceOrientationLandscapeRight";
				IPHONEOS_DEPLOYMENT_TARGET = 15.0;
				LD_RUNPATH_SEARCH_PATHS = (
					"$(inherited)",
					"@executable_path/Frameworks",
				);
				MARKETING_VERSION = 1.0;
				PRODUCT_BUNDLE_IDENTIFIER = beratridvanasilturk.InvioCekirgeProgrami2024;
				PRODUCT_NAME = "$(TARGET_NAME)";
				SWIFT_EMIT_LOC_STRINGS = YES;
				SWIFT_VERSION = 5.0;
				TARGETED_DEVICE_FAMILY = "1,2";
			};
			name = Release;
		};
/* End XCBuildConfiguration section */

/* Begin XCConfigurationList section */
		98A5F8062BBD64F5008AE472 /* Build configuration list for PBXProject "InvioCekirgeProgrami2024" */ = {
			isa = XCConfigurationList;
			buildConfigurations = (
				98A5F81D2BBD64F6008AE472 /* Debug */,
				98A5F81E2BBD64F6008AE472 /* Release */,
			);
			defaultConfigurationIsVisible = 0;
			defaultConfigurationName = Release;
		};
		98A5F81F2BBD64F6008AE472 /* Build configuration list for PBXNativeTarget "InvioCekirgeProgrami2024" */ = {
			isa = XCConfigurationList;
			buildConfigurations = (
				98A5F8202BBD64F6008AE472 /* Debug */,
				98A5F8212BBD64F6008AE472 /* Release */,
			);
			defaultConfigurationIsVisible = 0;
			defaultConfigurationName = Release;
		};
/* End XCConfigurationList section */

/* Begin XCRemoteSwiftPackageReference section */
		98236F8B2BD2B2D300DE138F /* XCRemoteSwiftPackageReference "lottie-spm" */ = {
			isa = XCRemoteSwiftPackageReference;
			repositoryURL = "https://github.com/airbnb/lottie-spm.git";
			requirement = {
				kind = upToNextMajorVersion;
				minimumVersion = 4.4.3;
			};
		};
		98AFAF1A2BD02AAA008A3E0A /* XCRemoteSwiftPackageReference "realm-swift" */ = {
			isa = XCRemoteSwiftPackageReference;
			repositoryURL = "https://github.com/realm/realm-swift.git";
			requirement = {
				branch = master;
				kind = branch;
			};
		};
/* End XCRemoteSwiftPackageReference section */

/* Begin XCSwiftPackageProductDependency section */
		98236F8C2BD2B2D300DE138F /* Lottie */ = {
			isa = XCSwiftPackageProductDependency;
			package = 98236F8B2BD2B2D300DE138F /* XCRemoteSwiftPackageReference "lottie-spm" */;
			productName = Lottie;
		};
		98AFAF1B2BD02AAA008A3E0A /* Realm */ = {
			isa = XCSwiftPackageProductDependency;
			package = 98AFAF1A2BD02AAA008A3E0A /* XCRemoteSwiftPackageReference "realm-swift" */;
			productName = Realm;
		};
		98AFAF1D2BD02AAA008A3E0A /* RealmSwift */ = {
			isa = XCSwiftPackageProductDependency;
			package = 98AFAF1A2BD02AAA008A3E0A /* XCRemoteSwiftPackageReference "realm-swift" */;
			productName = RealmSwift;
		};
/* End XCSwiftPackageProductDependency section */
	};
	rootObject = 98A5F8032BBD64F5008AE472 /* Project object */;
}
